// !$*UTF8*$!
{
	archiveVersion = 1;
	classes = {
	};
	objectVersion = 50;
	objects = {

/* Begin PBXBuildFile section */
		5DC054E527BBE9AE0077A75B /* AppDelegate.swift in Sources */ = {isa = PBXBuildFile; fileRef = 5DC054E427BBE9AE0077A75B /* AppDelegate.swift */; };
		5DC054E727BBE9AE0077A75B /* SceneDelegate.swift in Sources */ = {isa = PBXBuildFile; fileRef = 5DC054E627BBE9AE0077A75B /* SceneDelegate.swift */; };
		5DC054E927BBE9AE0077A75B /* TableViewController.swift in Sources */ = {isa = PBXBuildFile; fileRef = 5DC054E827BBE9AE0077A75B /* TableViewController.swift */; };
		5DC054EE27BBE9B10077A75B /* Assets.xcassets in Resources */ = {isa = PBXBuildFile; fileRef = 5DC054ED27BBE9B10077A75B /* Assets.xcassets */; };
		5DC054F127BBE9B10077A75B /* LaunchScreen.storyboard in Resources */ = {isa = PBXBuildFile; fileRef = 5DC054EF27BBE9B10077A75B /* LaunchScreen.storyboard */; };
		5DC0550127BBF21F0077A75B /* CustomTableViewCell.swift in Sources */ = {isa = PBXBuildFile; fileRef = 5DC0550027BBF21F0077A75B /* CustomTableViewCell.swift */; };
		5DC0550527BC04F50077A75B /* TableViewInCell.swift in Sources */ = {isa = PBXBuildFile; fileRef = 5DC0550427BC04F50077A75B /* TableViewInCell.swift */; };
		5DC0550927BC09A00077A75B /* FirstModel.swift in Sources */ = {isa = PBXBuildFile; fileRef = 5DC0550827BC09A00077A75B /* FirstModel.swift */; };
		5DC0550D27BC09AC0077A75B /* SingleModel.swift in Sources */ = {isa = PBXBuildFile; fileRef = 5DC0550C27BC09AC0077A75B /* SingleModel.swift */; };
		5DC0551927BC0F200077A75B /* ThirdModel.swift in Sources */ = {isa = PBXBuildFile; fileRef = 5DC0551827BC0F200077A75B /* ThirdModel.swift */; };
/* End PBXBuildFile section */

/* Begin PBXFileReference section */
		5DC054E127BBE9AE0077A75B /* OneGoTestProject.app */ = {isa = PBXFileReference; explicitFileType = wrapper.application; includeInIndex = 0; path = OneGoTestProject.app; sourceTree = BUILT_PRODUCTS_DIR; };
		5DC054E427BBE9AE0077A75B /* AppDelegate.swift */ = {isa = PBXFileReference; lastKnownFileType = sourcecode.swift; path = AppDelegate.swift; sourceTree = "<group>"; };
		5DC054E627BBE9AE0077A75B /* SceneDelegate.swift */ = {isa = PBXFileReference; lastKnownFileType = sourcecode.swift; path = SceneDelegate.swift; sourceTree = "<group>"; };
		5DC054E827BBE9AE0077A75B /* TableViewController.swift */ = {isa = PBXFileReference; lastKnownFileType = sourcecode.swift; path = TableViewController.swift; sourceTree = "<group>"; };
		5DC054ED27BBE9B10077A75B /* Assets.xcassets */ = {isa = PBXFileReference; lastKnownFileType = folder.assetcatalog; path = Assets.xcassets; sourceTree = "<group>"; };
		5DC054F027BBE9B10077A75B /* Base */ = {isa = PBXFileReference; lastKnownFileType = file.storyboard; name = Base; path = Base.lproj/LaunchScreen.storyboard; sourceTree = "<group>"; };
		5DC054F227BBE9B10077A75B /* Info.plist */ = {isa = PBXFileReference; lastKnownFileType = text.plist.xml; path = Info.plist; sourceTree = "<group>"; };
		5DC0550027BBF21F0077A75B /* CustomTableViewCell.swift */ = {isa = PBXFileReference; lastKnownFileType = sourcecode.swift; path = CustomTableViewCell.swift; sourceTree = "<group>"; };
		5DC0550427BC04F50077A75B /* TableViewInCell.swift */ = {isa = PBXFileReference; lastKnownFileType = sourcecode.swift; path = TableViewInCell.swift; sourceTree = "<group>"; };
		5DC0550827BC09A00077A75B /* FirstModel.swift */ = {isa = PBXFileReference; lastKnownFileType = sourcecode.swift; path = FirstModel.swift; sourceTree = "<group>"; };
		5DC0550C27BC09AC0077A75B /* SingleModel.swift */ = {isa = PBXFileReference; lastKnownFileType = sourcecode.swift; path = SingleModel.swift; sourceTree = "<group>"; };
		5DC0551827BC0F200077A75B /* ThirdModel.swift */ = {isa = PBXFileReference; lastKnownFileType = sourcecode.swift; path = ThirdModel.swift; sourceTree = "<group>"; };
/* End PBXFileReference section */

/* Begin PBXFrameworksBuildPhase section */
		5DC054DE27BBE9AE0077A75B /* Frameworks */ = {
			isa = PBXFrameworksBuildPhase;
			buildActionMask = 2147483647;
			files = (
			);
			runOnlyForDeploymentPostprocessing = 0;
		};
/* End PBXFrameworksBuildPhase section */

/* Begin PBXGroup section */
		5DC054D827BBE9AE0077A75B = {
			isa = PBXGroup;
			children = (
				5DC054E327BBE9AE0077A75B /* OneGoTestProject */,
				5DC054E227BBE9AE0077A75B /* Products */,
			);
			sourceTree = "<group>";
		};
		5DC054E227BBE9AE0077A75B /* Products */ = {
			isa = PBXGroup;
			children = (
				5DC054E127BBE9AE0077A75B /* OneGoTestProject.app */,
			);
			name = Products;
			sourceTree = "<group>";
		};
		5DC054E327BBE9AE0077A75B /* OneGoTestProject */ = {
			isa = PBXGroup;
			children = (
				5DC054F927BBEA6D0077A75B /* Core */,
				5DC054FB27BBEA7B0077A75B /* Controller */,
				5DC0550727BC098B0077A75B /* Model */,
				5DC054FF27BBF2050077A75B /* Cell */,
				5DC054FD27BBEA970077A75B /* Helpers */,
			);
			path = OneGoTestProject;
			sourceTree = "<group>";
		};
		5DC054F927BBEA6D0077A75B /* Core */ = {
			isa = PBXGroup;
			children = (
				5DC054E427BBE9AE0077A75B /* AppDelegate.swift */,
				5DC054E627BBE9AE0077A75B /* SceneDelegate.swift */,
			);
			path = Core;
			sourceTree = "<group>";
		};
		5DC054FB27BBEA7B0077A75B /* Controller */ = {
			isa = PBXGroup;
			children = (
				5DC054E827BBE9AE0077A75B /* TableViewController.swift */,
			);
			path = Controller;
			sourceTree = "<group>";
		};
		5DC054FD27BBEA970077A75B /* Helpers */ = {
			isa = PBXGroup;
			children = (
				5DC054ED27BBE9B10077A75B /* Assets.xcassets */,
				5DC054EF27BBE9B10077A75B /* LaunchScreen.storyboard */,
				5DC054F227BBE9B10077A75B /* Info.plist */,
			);
			path = Helpers;
			sourceTree = "<group>";
		};
		5DC054FF27BBF2050077A75B /* Cell */ = {
			isa = PBXGroup;
			children = (
				5DC0550027BBF21F0077A75B /* CustomTableViewCell.swift */,
				5DC0550427BC04F50077A75B /* TableViewInCell.swift */,
			);
			path = Cell;
			sourceTree = "<group>";
		};
		5DC0550727BC098B0077A75B /* Model */ = {
			isa = PBXGroup;
			children = (
				5DC0550827BC09A00077A75B /* FirstModel.swift */,
				5DC0550C27BC09AC0077A75B /* SingleModel.swift */,
				5DC0551827BC0F200077A75B /* ThirdModel.swift */,
			);
			path = Model;
			sourceTree = "<group>";
		};
/* End PBXGroup section */

/* Begin PBXNativeTarget section */
		5DC054E027BBE9AE0077A75B /* OneGoTestProject */ = {
			isa = PBXNativeTarget;
			buildConfigurationList = 5DC054F527BBE9B10077A75B /* Build configuration list for PBXNativeTarget "OneGoTestProject" */;
			buildPhases = (
				5DC054DD27BBE9AE0077A75B /* Sources */,
				5DC054DE27BBE9AE0077A75B /* Frameworks */,
				5DC054DF27BBE9AE0077A75B /* Resources */,
			);
			buildRules = (
			);
			dependencies = (
			);
			name = OneGoTestProject;
			productName = OneGoTestProject;
			productReference = 5DC054E127BBE9AE0077A75B /* OneGoTestProject.app */;
			productType = "com.apple.product-type.application";
		};
/* End PBXNativeTarget section */

/* Begin PBXProject section */
		5DC054D927BBE9AE0077A75B /* Project object */ = {
			isa = PBXProject;
			attributes = {
				LastSwiftUpdateCheck = 1220;
				LastUpgradeCheck = 1220;
				TargetAttributes = {
					5DC054E027BBE9AE0077A75B = {
						CreatedOnToolsVersion = 12.2;
					};
				};
			};
			buildConfigurationList = 5DC054DC27BBE9AE0077A75B /* Build configuration list for PBXProject "OneGoTestProject" */;
			compatibilityVersion = "Xcode 9.3";
			developmentRegion = en;
			hasScannedForEncodings = 0;
			knownRegions = (
				en,
				Base,
			);
			mainGroup = 5DC054D827BBE9AE0077A75B;
			productRefGroup = 5DC054E227BBE9AE0077A75B /* Products */;
			projectDirPath = "";
			projectRoot = "";
			targets = (
				5DC054E027BBE9AE0077A75B /* OneGoTestProject */,
			);
		};
/* End PBXProject section */

/* Begin PBXResourcesBuildPhase section */
		5DC054DF27BBE9AE0077A75B /* Resources */ = {
			isa = PBXResourcesBuildPhase;
			buildActionMask = 2147483647;
			files = (
				5DC054F127BBE9B10077A75B /* LaunchScreen.storyboard in Resources */,
				5DC054EE27BBE9B10077A75B /* Assets.xcassets in Resources */,
			);
			runOnlyForDeploymentPostprocessing = 0;
		};
/* End PBXResourcesBuildPhase section */

/* Begin PBXSourcesBuildPhase section */
		5DC054DD27BBE9AE0077A75B /* Sources */ = {
			isa = PBXSourcesBuildPhase;
			buildActionMask = 2147483647;
			files = (
				5DC0550927BC09A00077A75B /* FirstModel.swift in Sources */,
				5DC054E927BBE9AE0077A75B /* TableViewController.swift in Sources */,
				5DC0550D27BC09AC0077A75B /* SingleModel.swift in Sources */,
				5DC054E527BBE9AE0077A75B /* AppDelegate.swift in Sources */,
				5DC0550127BBF21F0077A75B /* CustomTableViewCell.swift in Sources */,
				5DC054E727BBE9AE0077A75B /* SceneDelegate.swift in Sources */,
				5DC0550527BC04F50077A75B /* TableViewInCell.swift in Sources */,
				5DC0551927BC0F200077A75B /* ThirdModel.swift in Sources */,
			);
			runOnlyForDeploymentPostprocessing = 0;
		};
/* End PBXSourcesBuildPhase section */

/* Begin PBXVariantGroup section */
		5DC054EF27BBE9B10077A75B /* LaunchScreen.storyboard */ = {
			isa = PBXVariantGroup;
			children = (
				5DC054F027BBE9B10077A75B /* Base */,
			);
			name = LaunchScreen.storyboard;
			sourceTree = "<group>";
		};
/* End PBXVariantGroup section */

/* Begin XCBuildConfiguration section */
		5DC054F327BBE9B10077A75B /* Debug */ = {
			isa = XCBuildConfiguration;
			buildSettings = {
				ALWAYS_SEARCH_USER_PATHS = NO;
				CLANG_ANALYZER_NONNULL = YES;
				CLANG_ANALYZER_NUMBER_OBJECT_CONVERSION = YES_AGGRESSIVE;
				CLANG_CXX_LANGUAGE_STANDARD = "gnu++14";
				CLANG_CXX_LIBRARY = "libc++";
				CLANG_ENABLE_MODULES = YES;
				CLANG_ENABLE_OBJC_ARC = YES;
				CLANG_ENABLE_OBJC_WEAK = YES;
				CLANG_WARN_BLOCK_CAPTURE_AUTORELEASING = YES;
				CLANG_WARN_BOOL_CONVERSION = YES;
				CLANG_WARN_COMMA = YES;
				CLANG_WARN_CONSTANT_CONVERSION = YES;
				CLANG_WARN_DEPRECATED_OBJC_IMPLEMENTATIONS = YES;
				CLANG_WARN_DIRECT_OBJC_ISA_USAGE = YES_ERROR;
				CLANG_WARN_DOCUMENTATION_COMMENTS = YES;
				CLANG_WARN_EMPTY_BODY = YES;
				CLANG_WARN_ENUM_CONVERSION = YES;
				CLANG_WARN_INFINITE_RECURSION = YES;
				CLANG_WARN_INT_CONVERSION = YES;
				CLANG_WARN_NON_LITERAL_NULL_CONVERSION = YES;
				CLANG_WARN_OBJC_IMPLICIT_RETAIN_SELF = YES;
				CLANG_WARN_OBJC_LITERAL_CONVERSION = YES;
				CLANG_WARN_OBJC_ROOT_CLASS = YES_ERROR;
				CLANG_WARN_QUOTED_INCLUDE_IN_FRAMEWORK_HEADER = YES;
				CLANG_WARN_RANGE_LOOP_ANALYSIS = YES;
				CLANG_WARN_STRICT_PROTOTYPES = YES;
				CLANG_WARN_SUSPICIOUS_MOVE = YES;
				CLANG_WARN_UNGUARDED_AVAILABILITY = YES_AGGRESSIVE;
				CLANG_WARN_UNREACHABLE_CODE = YES;
				CLANG_WARN__DUPLICATE_METHOD_MATCH = YES;
				COPY_PHASE_STRIP = NO;
				DEBUG_INFORMATION_FORMAT = dwarf;
				ENABLE_STRICT_OBJC_MSGSEND = YES;
				ENABLE_TESTABILITY = YES;
				GCC_C_LANGUAGE_STANDARD = gnu11;
				GCC_DYNAMIC_NO_PIC = NO;
				GCC_NO_COMMON_BLOCKS = YES;
				GCC_OPTIMIZATION_LEVEL = 0;
				GCC_PREPROCESSOR_DEFINITIONS = (
					"DEBUG=1",
					"$(inherited)",
				);
				GCC_WARN_64_TO_32_BIT_CONVERSION = YES;
				GCC_WARN_ABOUT_RETURN_TYPE = YES_ERROR;
				GCC_WARN_UNDECLARED_SELECTOR = YES;
				GCC_WARN_UNINITIALIZED_AUTOS = YES_AGGRESSIVE;
				GCC_WARN_UNUSED_FUNCTION = YES;
				GCC_WARN_UNUSED_VARIABLE = YES;
				IPHONEOS_DEPLOYMENT_TARGET = 14.2;
				MTL_ENABLE_DEBUG_INFO = INCLUDE_SOURCE;
				MTL_FAST_MATH = YES;
				ONLY_ACTIVE_ARCH = YES;
				SDKROOT = iphoneos;
				SWIFT_ACTIVE_COMPILATION_CONDITIONS = DEBUG;
				SWIFT_OPTIMIZATION_LEVEL = "-Onone";
			};
			name = Debug;
		};
		5DC054F427BBE9B10077A75B /* Release */ = {
			isa = XCBuildConfiguration;
			buildSettings = {
				ALWAYS_SEARCH_USER_PATHS = NO;
				CLANG_ANALYZER_NONNULL = YES;
				CLANG_ANALYZER_NUMBER_OBJECT_CONVERSION = YES_AGGRESSIVE;
				CLANG_CXX_LANGUAGE_STANDARD = "gnu++14";
				CLANG_CXX_LIBRARY = "libc++";
				CLANG_ENABLE_MODULES = YES;
				CLANG_ENABLE_OBJC_ARC = YES;
				CLANG_ENABLE_OBJC_WEAK = YES;
				CLANG_WARN_BLOCK_CAPTURE_AUTORELEASING = YES;
				CLANG_WARN_BOOL_CONVERSION = YES;
				CLANG_WARN_COMMA = YES;
				CLANG_WARN_CONSTANT_CONVERSION = YES;
				CLANG_WARN_DEPRECATED_OBJC_IMPLEMENTATIONS = YES;
				CLANG_WARN_DIRECT_OBJC_ISA_USAGE = YES_ERROR;
				CLANG_WARN_DOCUMENTATION_COMMENTS = YES;
				CLANG_WARN_EMPTY_BODY = YES;
				CLANG_WARN_ENUM_CONVERSION = YES;
				CLANG_WARN_INFINITE_RECURSION = YES;
				CLANG_WARN_INT_CONVERSION = YES;
				CLANG_WARN_NON_LITERAL_NULL_CONVERSION = YES;
				CLANG_WARN_OBJC_IMPLICIT_RETAIN_SELF = YES;
				CLANG_WARN_OBJC_LITERAL_CONVERSION = YES;
				CLANG_WARN_OBJC_ROOT_CLASS = YES_ERROR;
				CLANG_WARN_QUOTED_INCLUDE_IN_FRAMEWORK_HEADER = YES;
				CLANG_WARN_RANGE_LOOP_ANALYSIS = YES;
				CLANG_WARN_STRICT_PROTOTYPES = YES;
				CLANG_WARN_SUSPICIOUS_MOVE = YES;
				CLANG_WARN_UNGUARDED_AVAILABILITY = YES_AGGRESSIVE;
				CLANG_WARN_UNREACHABLE_CODE = YES;
				CLANG_WARN__DUPLICATE_METHOD_MATCH = YES;
				COPY_PHASE_STRIP = NO;
				DEBUG_INFORMATION_FORMAT = "dwarf-with-dsym";
				ENABLE_NS_ASSERTIONS = NO;
				ENABLE_STRICT_OBJC_MSGSEND = YES;
				GCC_C_LANGUAGE_STANDARD = gnu11;
				GCC_NO_COMMON_BLOCKS = YES;
				GCC_WARN_64_TO_32_BIT_CONVERSION = YES;
				GCC_WARN_ABOUT_RETURN_TYPE = YES_ERROR;
				GCC_WARN_UNDECLARED_SELECTOR = YES;
				GCC_WARN_UNINITIALIZED_AUTOS = YES_AGGRESSIVE;
				GCC_WARN_UNUSED_FUNCTION = YES;
				GCC_WARN_UNUSED_VARIABLE = YES;
				IPHONEOS_DEPLOYMENT_TARGET = 14.2;
				MTL_ENABLE_DEBUG_INFO = NO;
				MTL_FAST_MATH = YES;
				SDKROOT = iphoneos;
				SWIFT_COMPILATION_MODE = wholemodule;
				SWIFT_OPTIMIZATION_LEVEL = "-O";
				VALIDATE_PRODUCT = YES;
			};
			name = Release;
		};
		5DC054F627BBE9B10077A75B /* Debug */ = {
			isa = XCBuildConfiguration;
			buildSettings = {
				ASSETCATALOG_COMPILER_APPICON_NAME = AppIcon;
				ASSETCATALOG_COMPILER_GLOBAL_ACCENT_COLOR_NAME = AccentColor;
				CODE_SIGN_STYLE = Automatic;
				DEVELOPMENT_TEAM = 2A23R4N5M7;
				INFOPLIST_FILE = OneGoTestProject/Helpers/Info.plist;
				LD_RUNPATH_SEARCH_PATHS = (
					"$(inherited)",
					"@executable_path/Frameworks",
				);
				PRODUCT_BUNDLE_IDENTIFIER = me.OneGoTestProject;
				PRODUCT_NAME = "$(TARGET_NAME)";
				SWIFT_VERSION = 5.0;
				TARGETED_DEVICE_FAMILY = "1,2";
			};
			name = Debug;
		};
		5DC054F727BBE9B10077A75B /* Release */ = {
			isa = XCBuildConfiguration;
			buildSettings = {
				ASSETCATALOG_COMPILER_APPICON_NAME = AppIcon;
				ASSETCATALOG_COMPILER_GLOBAL_ACCENT_COLOR_NAME = AccentColor;
				CODE_SIGN_STYLE = Automatic;
				DEVELOPMENT_TEAM = 2A23R4N5M7;
				INFOPLIST_FILE = OneGoTestProject/Helpers/Info.plist;
				LD_RUNPATH_SEARCH_PATHS = (
					"$(inherited)",
					"@executable_path/Frameworks",
				);
				PRODUCT_BUNDLE_IDENTIFIER = me.OneGoTestProject;
				PRODUCT_NAME = "$(TARGET_NAME)";
				SWIFT_VERSION = 5.0;
				TARGETED_DEVICE_FAMILY = "1,2";
			};
			name = Release;
		};
/* End XCBuildConfiguration section */

/* Begin XCConfigurationList section */
		5DC054DC27BBE9AE0077A75B /* Build configuration list for PBXProject "OneGoTestProject" */ = {
			isa = XCConfigurationList;
			buildConfigurations = (
				5DC054F327BBE9B10077A75B /* Debug */,
				5DC054F427BBE9B10077A75B /* Release */,
			);
			defaultConfigurationIsVisible = 0;
			defaultConfigurationName = Release;
		};
		5DC054F527BBE9B10077A75B /* Build configuration list for PBXNativeTarget "OneGoTestProject" */ = {
			isa = XCConfigurationList;
			buildConfigurations = (
				5DC054F627BBE9B10077A75B /* Debug */,
				5DC054F727BBE9B10077A75B /* Release */,
			);
			defaultConfigurationIsVisible = 0;
			defaultConfigurationName = Release;
		};
/* End XCConfigurationList section */
	};
	rootObject = 5DC054D927BBE9AE0077A75B /* Project object */;
}
